
Microsoft Visual Studio Solution File, Format Version 12.00
# Visual Studio 15
VisualStudioVersion = 15.0.26730.3
MinimumVisualStudioVersion = 10.0.40219.1
Project("{9A19103F-16F7-4668-BE54-9A1E7A4F7556}") = "RazorPagesContacts", "RazorPagesContacts\RazorPagesContacts.csproj", "{0892158F-916E-42FB-A316-09F4E9A4588D}"
EndProject
Project("{FAE04EC0-301F-11D3-BF4B-00C04F79EFBC}") = "CustomModelBindingSample", "CustomModelBindingSample\CustomModelBindingSample.csproj", "{941C2CA4-8C2D-49E8-A256-576A59FB02EA}"
EndProject
Global
	GlobalSection(SolutionConfigurationPlatforms) = preSolution
		Debug|Any CPU = Debug|Any CPU
		Release|Any CPU = Release|Any CPU
	EndGlobalSection
	GlobalSection(ProjectConfigurationPlatforms) = postSolution
		{0892158F-916E-42FB-A316-09F4E9A4588D}.Debug|Any CPU.ActiveCfg = Debug|Any CPU
		{0892158F-916E-42FB-A316-09F4E9A4588D}.Debug|Any CPU.Build.0 = Debug|Any CPU
		{0892158F-916E-42FB-A316-09F4E9A4588D}.Release|Any CPU.ActiveCfg = Release|Any CPU
		{0892158F-916E-42FB-A316-09F4E9A4588D}.Release|Any CPU.Build.0 = Release|Any CPU
		{941C2CA4-8C2D-49E8-A256-576A59FB02EA}.Debug|Any CPU.ActiveCfg = Debug|Any CPU
		{941C2CA4-8C2D-49E8-A256-576A59FB02EA}.Debug|Any CPU.Build.0 = Debug|Any CPU
		{941C2CA4-8C2D-49E8-A256-576A59FB02EA}.Release|Any CPU.ActiveCfg = Release|Any CPU
		{941C2CA4-8C2D-49E8-A256-576A59FB02EA}.Release|Any CPU.Build.0 = Release|Any CPU
	EndGlobalSection
	GlobalSection(SolutionProperties) = preSolution
		HideSolutionNode = FALSE
	EndGlobalSection
	GlobalSection(ExtensibilityGlobals) = postSolution
		SolutionGuid = {85BBD894-C5B7-46AF-8E87-AEEEB7DEC542}
	EndGlobalSection
EndGlobal
