
Microsoft Visual Studio Solution File, Format Version 12.00
# Visual Studio 15
VisualStudioVersion = 15.0.27130.2027
MinimumVisualStudioVersion = 10.0.40219.1
Project("{9A19103F-16F7-4668-BE54-9A1E7A4F7556}") = "RazorPagesContacts", "RazorPagesContacts\RazorPagesContacts.csproj", "{0892158F-916E-42FB-A316-09F4E9A4588D}"
EndProject
Project("{9A19103F-16F7-4668-BE54-9A1E7A4F7556}") = "CustomModelBindingSample", "CustomModelBindingSample\CustomModelBindingSample.csproj", "{941C2CA4-8C2D-49E8-A256-576A59FB02EA}"
EndProject
Project("{9A19103F-16F7-4668-BE54-9A1E7A4F7556}") = "AuthoringTagHelpers", "AuthoringTagHelpers\AuthoringTagHelpers.csproj", "{C8C59736-E5FC-4E15-A900-DCF11A7059D1}"
EndProject
Project("{9A19103F-16F7-4668-BE54-9A1E7A4F7556}") = "DotNetCore.Fundamentals", "DotNetCore.Fundamentals\DotNetCore.Fundamentals.csproj", "{8714D84F-49EF-469C-AB13-EAD31560B15C}"
EndProject
Project("{2150E333-8FDC-42A3-9474-1A3956D46DE8}") = "examples", "examples", "{42780C51-9060-4603-ACC7-07990A970BDC}"
EndProject
Project("{9A19103F-16F7-4668-BE54-9A1E7A4F7556}") = "UrlWriting.Demo", "UrlWriting.Demo\UrlWriting.Demo.csproj", "{60D243B6-A351-42DB-A4D9-682621635DD0}"
EndProject
Project("{9A19103F-16F7-4668-BE54-9A1E7A4F7556}") = "ErrorHandling.Demo", "ErrorHandling.Demo\ErrorHandling.Demo.csproj", "{D2926FAE-972F-4CFA-8057-0357FB89BCB0}"
EndProject
Project("{9A19103F-16F7-4668-BE54-9A1E7A4F7556}") = "WebSocketsDotNetCore.Demo", "WebSocketsDotNetCore.Demo\WebSocketsDotNetCore.Demo.csproj", "{524A6FDF-B55C-4DFF-9C88-D3D036579F1A}"
EndProject
Project("{9A19103F-16F7-4668-BE54-9A1E7A4F7556}") = "Configuration.Demo", "Configuration.Demo\Configuration.Demo.csproj", "{3A2C88A7-8B26-4EAB-8E55-EBC1DD192C41}"
EndProject
Project("{9A19103F-16F7-4668-BE54-9A1E7A4F7556}") = "Configuration.IOptionsSnapshot.Demo", "Configuration.IOptionsSnapshot.Demo\Configuration.IOptionsSnapshot.Demo.csproj", "{0160E309-D732-43A5-9277-468DCF062BA2}"
EndProject
Project("{9A19103F-16F7-4668-BE54-9A1E7A4F7556}") = "Logging.Demo", "Logging.Demo\Logging.Demo.csproj", "{87CE608D-C180-4911-85DD-B429F872A358}"
EndProject
Project("{9A19103F-16F7-4668-BE54-9A1E7A4F7556}") = "WebAppSessionState.Demo", "WebAppSessionState.Demo\WebAppSessionState.Demo.csproj", "{7E74F01B-946E-4EC7-A2CA-2E39DBFA78E2}"
EndProject
Project("{9A19103F-16F7-4668-BE54-9A1E7A4F7556}") = "OwinSample.Demo", "OwinSample.Demo\OwinSample.Demo.csproj", "{2A49C307-4A7C-4F41-8748-7B1B7DD119D7}"
EndProject
Project("{2150E333-8FDC-42A3-9474-1A3956D46DE8}") = "lib", "lib", "{99EDC979-2762-4162-BEA5-CE97B29D2E34}"
	ProjectSection(SolutionItems) = preProject
		lib\Nowin.dll = lib\Nowin.dll
	EndProjectSection
EndProject
Project("{9A19103F-16F7-4668-BE54-9A1E7A4F7556}") = "TypeScript.Demo", "TypeScript.Demo\TypeScript.Demo.csproj", "{1E0837C0-7F7F-4EA8-AB35-A14F4995FF69}"
EndProject
Project("{9A19103F-16F7-4668-BE54-9A1E7A4F7556}") = "ModelsValidation.Demo", "ModelsValidation.Demo\ModelsValidation.Demo.csproj", "{BE9F556C-3D18-4E0E-8E4B-345E9A4E18E0}"
EndProject
Project("{9A19103F-16F7-4668-BE54-9A1E7A4F7556}") = "ViewCompanent.Demo", "ViewCompanent.Demo\ViewCompanent.Demo.csproj", "{6E95F7F7-BA8B-4903-A47A-5A8D4BAD2A34}"
EndProject
Project("{9A19103F-16F7-4668-BE54-9A1E7A4F7556}") = "NetCoreControllers.Demo", "NetCoreControllers.Demo\NetCoreControllers.Demo.csproj", "{1820DF85-3850-4961-A919-52278353BE8B}"
EndProject
Project("{9A19103F-16F7-4668-BE54-9A1E7A4F7556}") = "NetCoreFileUploader.Demo", "NetCoreFileUploader.Demo\NetCoreFileUploader.Demo.csproj", "{A1FACEE5-4647-45AD-8AA3-0E0AC16E7E97}"
EndProject
Project("{FAE04EC0-301F-11D3-BF4B-00C04F79EFBC}") = "CalculateGCMemory.Demo", "CalculateGCMemory.Demo\CalculateGCMemory.Demo.csproj", "{55821FEC-68BD-4713-9E26-4267993997E2}"
EndProject
Project("{9A19103F-16F7-4668-BE54-9A1E7A4F7556}") = "AspNetCore", "AspNetCore\AspNetCore.csproj", "{4C53C3B0-1FDD-4C15-BE3D-6B5AD74F35F0}"
EndProject
Project("{2150E333-8FDC-42A3-9474-1A3956D46DE8}") = "MediatRDemo", "MediatRDemo", "{D4F71C51-B8B1-40B3-88DD-11B8C12339D0}"
EndProject
Project("{9A19103F-16F7-4668-BE54-9A1E7A4F7556}") = "MediatRExample", "MediatRExample\MediatRExample.csproj", "{28FE6936-4584-4628-9F30-CFD4BB116D87}"
EndProject
Project("{9A19103F-16F7-4668-BE54-9A1E7A4F7556}") = "MediatR", "..\..\MediatR\src\MediatR\MediatR.csproj", "{E39099B1-9E5B-44BF-AB08-9D2DD1FCAE4B}"
EndProject
Project("{9A19103F-16F7-4668-BE54-9A1E7A4F7556}") = "MediatR.Extensions.Microsoft.DependencyInjection", "..\..\MediatR.Extensions.Microsoft.DependencyInjection\src\MediatR.Extensions.Microsoft.DependencyInjection\MediatR.Extensions.Microsoft.DependencyInjection.csproj", "{BB238D0B-DFA3-4FB1-B8EC-A59456B3FFBF}"
EndProject
Project("{FAE04EC0-301F-11D3-BF4B-00C04F79EFBC}") = "ResilientHttpClientByPolly", "ResilientHttpClientByPolly\ResilientHttpClientByPolly.csproj", "{7CA5CB80-60F8-449B-95F2-C284806EA26C}"
EndProject
Global
	GlobalSection(SolutionConfigurationPlatforms) = preSolution
		Debug|Any CPU = Debug|Any CPU
		Release|Any CPU = Release|Any CPU
	EndGlobalSection
	GlobalSection(ProjectConfigurationPlatforms) = postSolution
		{0892158F-916E-42FB-A316-09F4E9A4588D}.Debug|Any CPU.ActiveCfg = Debug|Any CPU
		{0892158F-916E-42FB-A316-09F4E9A4588D}.Debug|Any CPU.Build.0 = Debug|Any CPU
		{0892158F-916E-42FB-A316-09F4E9A4588D}.Release|Any CPU.ActiveCfg = Release|Any CPU
		{0892158F-916E-42FB-A316-09F4E9A4588D}.Release|Any CPU.Build.0 = Release|Any CPU
		{941C2CA4-8C2D-49E8-A256-576A59FB02EA}.Debug|Any CPU.ActiveCfg = Debug|Any CPU
		{941C2CA4-8C2D-49E8-A256-576A59FB02EA}.Debug|Any CPU.Build.0 = Debug|Any CPU
		{941C2CA4-8C2D-49E8-A256-576A59FB02EA}.Release|Any CPU.ActiveCfg = Release|Any CPU
		{941C2CA4-8C2D-49E8-A256-576A59FB02EA}.Release|Any CPU.Build.0 = Release|Any CPU
		{C8C59736-E5FC-4E15-A900-DCF11A7059D1}.Debug|Any CPU.ActiveCfg = Debug|Any CPU
		{C8C59736-E5FC-4E15-A900-DCF11A7059D1}.Debug|Any CPU.Build.0 = Debug|Any CPU
		{C8C59736-E5FC-4E15-A900-DCF11A7059D1}.Release|Any CPU.ActiveCfg = Release|Any CPU
		{C8C59736-E5FC-4E15-A900-DCF11A7059D1}.Release|Any CPU.Build.0 = Release|Any CPU
		{8714D84F-49EF-469C-AB13-EAD31560B15C}.Debug|Any CPU.ActiveCfg = Debug|Any CPU
		{8714D84F-49EF-469C-AB13-EAD31560B15C}.Debug|Any CPU.Build.0 = Debug|Any CPU
		{8714D84F-49EF-469C-AB13-EAD31560B15C}.Release|Any CPU.ActiveCfg = Release|Any CPU
		{8714D84F-49EF-469C-AB13-EAD31560B15C}.Release|Any CPU.Build.0 = Release|Any CPU
		{60D243B6-A351-42DB-A4D9-682621635DD0}.Debug|Any CPU.ActiveCfg = Debug|Any CPU
		{60D243B6-A351-42DB-A4D9-682621635DD0}.Debug|Any CPU.Build.0 = Debug|Any CPU
		{60D243B6-A351-42DB-A4D9-682621635DD0}.Release|Any CPU.ActiveCfg = Release|Any CPU
		{60D243B6-A351-42DB-A4D9-682621635DD0}.Release|Any CPU.Build.0 = Release|Any CPU
		{D2926FAE-972F-4CFA-8057-0357FB89BCB0}.Debug|Any CPU.ActiveCfg = Debug|Any CPU
		{D2926FAE-972F-4CFA-8057-0357FB89BCB0}.Debug|Any CPU.Build.0 = Debug|Any CPU
		{D2926FAE-972F-4CFA-8057-0357FB89BCB0}.Release|Any CPU.ActiveCfg = Release|Any CPU
		{D2926FAE-972F-4CFA-8057-0357FB89BCB0}.Release|Any CPU.Build.0 = Release|Any CPU
		{524A6FDF-B55C-4DFF-9C88-D3D036579F1A}.Debug|Any CPU.ActiveCfg = Debug|Any CPU
		{524A6FDF-B55C-4DFF-9C88-D3D036579F1A}.Debug|Any CPU.Build.0 = Debug|Any CPU
		{524A6FDF-B55C-4DFF-9C88-D3D036579F1A}.Release|Any CPU.ActiveCfg = Release|Any CPU
		{524A6FDF-B55C-4DFF-9C88-D3D036579F1A}.Release|Any CPU.Build.0 = Release|Any CPU
		{3A2C88A7-8B26-4EAB-8E55-EBC1DD192C41}.Debug|Any CPU.ActiveCfg = Debug|Any CPU
		{3A2C88A7-8B26-4EAB-8E55-EBC1DD192C41}.Debug|Any CPU.Build.0 = Debug|Any CPU
		{3A2C88A7-8B26-4EAB-8E55-EBC1DD192C41}.Release|Any CPU.ActiveCfg = Release|Any CPU
		{3A2C88A7-8B26-4EAB-8E55-EBC1DD192C41}.Release|Any CPU.Build.0 = Release|Any CPU
		{0160E309-D732-43A5-9277-468DCF062BA2}.Debug|Any CPU.ActiveCfg = Debug|Any CPU
		{0160E309-D732-43A5-9277-468DCF062BA2}.Debug|Any CPU.Build.0 = Debug|Any CPU
		{0160E309-D732-43A5-9277-468DCF062BA2}.Release|Any CPU.ActiveCfg = Release|Any CPU
		{0160E309-D732-43A5-9277-468DCF062BA2}.Release|Any CPU.Build.0 = Release|Any CPU
		{87CE608D-C180-4911-85DD-B429F872A358}.Debug|Any CPU.ActiveCfg = Debug|Any CPU
		{87CE608D-C180-4911-85DD-B429F872A358}.Debug|Any CPU.Build.0 = Debug|Any CPU
		{87CE608D-C180-4911-85DD-B429F872A358}.Release|Any CPU.ActiveCfg = Release|Any CPU
		{87CE608D-C180-4911-85DD-B429F872A358}.Release|Any CPU.Build.0 = Release|Any CPU
		{7E74F01B-946E-4EC7-A2CA-2E39DBFA78E2}.Debug|Any CPU.ActiveCfg = Debug|Any CPU
		{7E74F01B-946E-4EC7-A2CA-2E39DBFA78E2}.Debug|Any CPU.Build.0 = Debug|Any CPU
		{7E74F01B-946E-4EC7-A2CA-2E39DBFA78E2}.Release|Any CPU.ActiveCfg = Release|Any CPU
		{7E74F01B-946E-4EC7-A2CA-2E39DBFA78E2}.Release|Any CPU.Build.0 = Release|Any CPU
		{2A49C307-4A7C-4F41-8748-7B1B7DD119D7}.Debug|Any CPU.ActiveCfg = Debug|Any CPU
		{2A49C307-4A7C-4F41-8748-7B1B7DD119D7}.Debug|Any CPU.Build.0 = Debug|Any CPU
		{2A49C307-4A7C-4F41-8748-7B1B7DD119D7}.Release|Any CPU.ActiveCfg = Release|Any CPU
		{2A49C307-4A7C-4F41-8748-7B1B7DD119D7}.Release|Any CPU.Build.0 = Release|Any CPU
		{1E0837C0-7F7F-4EA8-AB35-A14F4995FF69}.Debug|Any CPU.ActiveCfg = Debug|Any CPU
		{1E0837C0-7F7F-4EA8-AB35-A14F4995FF69}.Debug|Any CPU.Build.0 = Debug|Any CPU
		{1E0837C0-7F7F-4EA8-AB35-A14F4995FF69}.Release|Any CPU.ActiveCfg = Release|Any CPU
		{1E0837C0-7F7F-4EA8-AB35-A14F4995FF69}.Release|Any CPU.Build.0 = Release|Any CPU
		{BE9F556C-3D18-4E0E-8E4B-345E9A4E18E0}.Debug|Any CPU.ActiveCfg = Debug|Any CPU
		{BE9F556C-3D18-4E0E-8E4B-345E9A4E18E0}.Debug|Any CPU.Build.0 = Debug|Any CPU
		{BE9F556C-3D18-4E0E-8E4B-345E9A4E18E0}.Release|Any CPU.ActiveCfg = Release|Any CPU
		{BE9F556C-3D18-4E0E-8E4B-345E9A4E18E0}.Release|Any CPU.Build.0 = Release|Any CPU
		{6E95F7F7-BA8B-4903-A47A-5A8D4BAD2A34}.Debug|Any CPU.ActiveCfg = Debug|Any CPU
		{6E95F7F7-BA8B-4903-A47A-5A8D4BAD2A34}.Debug|Any CPU.Build.0 = Debug|Any CPU
		{6E95F7F7-BA8B-4903-A47A-5A8D4BAD2A34}.Release|Any CPU.ActiveCfg = Release|Any CPU
		{6E95F7F7-BA8B-4903-A47A-5A8D4BAD2A34}.Release|Any CPU.Build.0 = Release|Any CPU
		{1820DF85-3850-4961-A919-52278353BE8B}.Debug|Any CPU.ActiveCfg = Debug|Any CPU
		{1820DF85-3850-4961-A919-52278353BE8B}.Debug|Any CPU.Build.0 = Debug|Any CPU
		{1820DF85-3850-4961-A919-52278353BE8B}.Release|Any CPU.ActiveCfg = Release|Any CPU
		{1820DF85-3850-4961-A919-52278353BE8B}.Release|Any CPU.Build.0 = Release|Any CPU
		{A1FACEE5-4647-45AD-8AA3-0E0AC16E7E97}.Debug|Any CPU.ActiveCfg = Debug|Any CPU
		{A1FACEE5-4647-45AD-8AA3-0E0AC16E7E97}.Debug|Any CPU.Build.0 = Debug|Any CPU
		{A1FACEE5-4647-45AD-8AA3-0E0AC16E7E97}.Release|Any CPU.ActiveCfg = Release|Any CPU
		{A1FACEE5-4647-45AD-8AA3-0E0AC16E7E97}.Release|Any CPU.Build.0 = Release|Any CPU
		{55821FEC-68BD-4713-9E26-4267993997E2}.Debug|Any CPU.ActiveCfg = Debug|Any CPU
		{55821FEC-68BD-4713-9E26-4267993997E2}.Debug|Any CPU.Build.0 = Debug|Any CPU
		{55821FEC-68BD-4713-9E26-4267993997E2}.Release|Any CPU.ActiveCfg = Release|Any CPU
		{55821FEC-68BD-4713-9E26-4267993997E2}.Release|Any CPU.Build.0 = Release|Any CPU
		{4C53C3B0-1FDD-4C15-BE3D-6B5AD74F35F0}.Debug|Any CPU.ActiveCfg = Debug|Any CPU
		{4C53C3B0-1FDD-4C15-BE3D-6B5AD74F35F0}.Debug|Any CPU.Build.0 = Debug|Any CPU
		{4C53C3B0-1FDD-4C15-BE3D-6B5AD74F35F0}.Release|Any CPU.ActiveCfg = Release|Any CPU
		{4C53C3B0-1FDD-4C15-BE3D-6B5AD74F35F0}.Release|Any CPU.Build.0 = Release|Any CPU
		{28FE6936-4584-4628-9F30-CFD4BB116D87}.Debug|Any CPU.ActiveCfg = Debug|Any CPU
		{28FE6936-4584-4628-9F30-CFD4BB116D87}.Debug|Any CPU.Build.0 = Debug|Any CPU
		{28FE6936-4584-4628-9F30-CFD4BB116D87}.Release|Any CPU.ActiveCfg = Release|Any CPU
		{28FE6936-4584-4628-9F30-CFD4BB116D87}.Release|Any CPU.Build.0 = Release|Any CPU
		{E39099B1-9E5B-44BF-AB08-9D2DD1FCAE4B}.Debug|Any CPU.ActiveCfg = Debug|Any CPU
		{E39099B1-9E5B-44BF-AB08-9D2DD1FCAE4B}.Debug|Any CPU.Build.0 = Debug|Any CPU
		{E39099B1-9E5B-44BF-AB08-9D2DD1FCAE4B}.Release|Any CPU.ActiveCfg = Release|Any CPU
		{E39099B1-9E5B-44BF-AB08-9D2DD1FCAE4B}.Release|Any CPU.Build.0 = Release|Any CPU
		{BB238D0B-DFA3-4FB1-B8EC-A59456B3FFBF}.Debug|Any CPU.ActiveCfg = Debug|Any CPU
		{BB238D0B-DFA3-4FB1-B8EC-A59456B3FFBF}.Debug|Any CPU.Build.0 = Debug|Any CPU
		{BB238D0B-DFA3-4FB1-B8EC-A59456B3FFBF}.Release|Any CPU.ActiveCfg = Release|Any CPU
		{BB238D0B-DFA3-4FB1-B8EC-A59456B3FFBF}.Release|Any CPU.Build.0 = Release|Any CPU
		{7CA5CB80-60F8-449B-95F2-C284806EA26C}.Debug|Any CPU.ActiveCfg = Debug|Any CPU
		{7CA5CB80-60F8-449B-95F2-C284806EA26C}.Debug|Any CPU.Build.0 = Debug|Any CPU
		{7CA5CB80-60F8-449B-95F2-C284806EA26C}.Release|Any CPU.ActiveCfg = Release|Any CPU
		{7CA5CB80-60F8-449B-95F2-C284806EA26C}.Release|Any CPU.Build.0 = Release|Any CPU
	EndGlobalSection
	GlobalSection(SolutionProperties) = preSolution
		HideSolutionNode = FALSE
	EndGlobalSection
	GlobalSection(NestedProjects) = preSolution
		{60D243B6-A351-42DB-A4D9-682621635DD0} = {42780C51-9060-4603-ACC7-07990A970BDC}
		{D2926FAE-972F-4CFA-8057-0357FB89BCB0} = {42780C51-9060-4603-ACC7-07990A970BDC}
		{524A6FDF-B55C-4DFF-9C88-D3D036579F1A} = {42780C51-9060-4603-ACC7-07990A970BDC}
		{3A2C88A7-8B26-4EAB-8E55-EBC1DD192C41} = {42780C51-9060-4603-ACC7-07990A970BDC}
		{0160E309-D732-43A5-9277-468DCF062BA2} = {42780C51-9060-4603-ACC7-07990A970BDC}
		{87CE608D-C180-4911-85DD-B429F872A358} = {42780C51-9060-4603-ACC7-07990A970BDC}
		{7E74F01B-946E-4EC7-A2CA-2E39DBFA78E2} = {42780C51-9060-4603-ACC7-07990A970BDC}
		{2A49C307-4A7C-4F41-8748-7B1B7DD119D7} = {42780C51-9060-4603-ACC7-07990A970BDC}
		{BE9F556C-3D18-4E0E-8E4B-345E9A4E18E0} = {42780C51-9060-4603-ACC7-07990A970BDC}
		{6E95F7F7-BA8B-4903-A47A-5A8D4BAD2A34} = {42780C51-9060-4603-ACC7-07990A970BDC}
		{1820DF85-3850-4961-A919-52278353BE8B} = {42780C51-9060-4603-ACC7-07990A970BDC}
		{A1FACEE5-4647-45AD-8AA3-0E0AC16E7E97} = {42780C51-9060-4603-ACC7-07990A970BDC}
		{55821FEC-68BD-4713-9E26-4267993997E2} = {42780C51-9060-4603-ACC7-07990A970BDC}
		{4C53C3B0-1FDD-4C15-BE3D-6B5AD74F35F0} = {42780C51-9060-4603-ACC7-07990A970BDC}
		{28FE6936-4584-4628-9F30-CFD4BB116D87} = {D4F71C51-B8B1-40B3-88DD-11B8C12339D0}
		{E39099B1-9E5B-44BF-AB08-9D2DD1FCAE4B} = {D4F71C51-B8B1-40B3-88DD-11B8C12339D0}
		{BB238D0B-DFA3-4FB1-B8EC-A59456B3FFBF} = {D4F71C51-B8B1-40B3-88DD-11B8C12339D0}
	EndGlobalSection
	GlobalSection(ExtensibilityGlobals) = postSolution
		SolutionGuid = {85BBD894-C5B7-46AF-8E87-AEEEB7DEC542}
	EndGlobalSection
EndGlobal
