
Microsoft Visual Studio Solution File, Format Version 12.00
# Visual Studio 15
VisualStudioVersion = 15.0.26730.10
MinimumVisualStudioVersion = 10.0.40219.1
Project("{9A19103F-16F7-4668-BE54-9A1E7A4F7556}") = "RazorPagesContacts", "RazorPagesContacts\RazorPagesContacts.csproj", "{0892158F-916E-42FB-A316-09F4E9A4588D}"
EndProject
Project("{9A19103F-16F7-4668-BE54-9A1E7A4F7556}") = "CustomModelBindingSample", "CustomModelBindingSample\CustomModelBindingSample.csproj", "{941C2CA4-8C2D-49E8-A256-576A59FB02EA}"
EndProject
Project("{9A19103F-16F7-4668-BE54-9A1E7A4F7556}") = "AuthoringTagHelpers", "AuthoringTagHelpers\AuthoringTagHelpers.csproj", "{C8C59736-E5FC-4E15-A900-DCF11A7059D1}"
EndProject
Project("{9A19103F-16F7-4668-BE54-9A1E7A4F7556}") = "DotNetCore.Fundamentals", "DotNetCore.Fundamentals\DotNetCore.Fundamentals.csproj", "{8714D84F-49EF-469C-AB13-EAD31560B15C}"
EndProject
Project("{2150E333-8FDC-42A3-9474-1A3956D46DE8}") = "examples", "examples", "{42780C51-9060-4603-ACC7-07990A970BDC}"
EndProject
Project("{9A19103F-16F7-4668-BE54-9A1E7A4F7556}") = "UrlWriting.Demo", "UrlWriting.Demo\UrlWriting.Demo.csproj", "{60D243B6-A351-42DB-A4D9-682621635DD0}"
EndProject
Project("{9A19103F-16F7-4668-BE54-9A1E7A4F7556}") = "ErrorHandling.Demo", "ErrorHandling.Demo\ErrorHandling.Demo.csproj", "{D2926FAE-972F-4CFA-8057-0357FB89BCB0}"
EndProject
Project("{9A19103F-16F7-4668-BE54-9A1E7A4F7556}") = "WebSocketsDotNetCore.Demo", "WebSocketsDotNetCore.Demo\WebSocketsDotNetCore.Demo.csproj", "{524A6FDF-B55C-4DFF-9C88-D3D036579F1A}"
EndProject
Project("{9A19103F-16F7-4668-BE54-9A1E7A4F7556}") = "Configuration.Demo", "Configuration.Demo\Configuration.Demo.csproj", "{3A2C88A7-8B26-4EAB-8E55-EBC1DD192C41}"
EndProject
Project("{9A19103F-16F7-4668-BE54-9A1E7A4F7556}") = "Configuration.IOptionsSnapshot.Demo", "Configuration.IOptionsSnapshot.Demo\Configuration.IOptionsSnapshot.Demo.csproj", "{0160E309-D732-43A5-9277-468DCF062BA2}"
EndProject
Project("{9A19103F-16F7-4668-BE54-9A1E7A4F7556}") = "Logging.Demo", "Logging.Demo\Logging.Demo.csproj", "{87CE608D-C180-4911-85DD-B429F872A358}"
EndProject
Project("{FAE04EC0-301F-11D3-BF4B-00C04F79EFBC}") = "WebAppSessionState.Demo", "WebAppSessionState.Demo\WebAppSessionState.Demo.csproj", "{7E74F01B-946E-4EC7-A2CA-2E39DBFA78E2}"
EndProject
Global
	GlobalSection(SolutionConfigurationPlatforms) = preSolution
		Debug|Any CPU = Debug|Any CPU
		Release|Any CPU = Release|Any CPU
	EndGlobalSection
	GlobalSection(ProjectConfigurationPlatforms) = postSolution
		{0892158F-916E-42FB-A316-09F4E9A4588D}.Debug|Any CPU.ActiveCfg = Debug|Any CPU
		{0892158F-916E-42FB-A316-09F4E9A4588D}.Debug|Any CPU.Build.0 = Debug|Any CPU
		{0892158F-916E-42FB-A316-09F4E9A4588D}.Release|Any CPU.ActiveCfg = Release|Any CPU
		{0892158F-916E-42FB-A316-09F4E9A4588D}.Release|Any CPU.Build.0 = Release|Any CPU
		{941C2CA4-8C2D-49E8-A256-576A59FB02EA}.Debug|Any CPU.ActiveCfg = Debug|Any CPU
		{941C2CA4-8C2D-49E8-A256-576A59FB02EA}.Debug|Any CPU.Build.0 = Debug|Any CPU
		{941C2CA4-8C2D-49E8-A256-576A59FB02EA}.Release|Any CPU.ActiveCfg = Release|Any CPU
		{941C2CA4-8C2D-49E8-A256-576A59FB02EA}.Release|Any CPU.Build.0 = Release|Any CPU
		{C8C59736-E5FC-4E15-A900-DCF11A7059D1}.Debug|Any CPU.ActiveCfg = Debug|Any CPU
		{C8C59736-E5FC-4E15-A900-DCF11A7059D1}.Debug|Any CPU.Build.0 = Debug|Any CPU
		{C8C59736-E5FC-4E15-A900-DCF11A7059D1}.Release|Any CPU.ActiveCfg = Release|Any CPU
		{C8C59736-E5FC-4E15-A900-DCF11A7059D1}.Release|Any CPU.Build.0 = Release|Any CPU
		{8714D84F-49EF-469C-AB13-EAD31560B15C}.Debug|Any CPU.ActiveCfg = Debug|Any CPU
		{8714D84F-49EF-469C-AB13-EAD31560B15C}.Debug|Any CPU.Build.0 = Debug|Any CPU
		{8714D84F-49EF-469C-AB13-EAD31560B15C}.Release|Any CPU.ActiveCfg = Release|Any CPU
		{8714D84F-49EF-469C-AB13-EAD31560B15C}.Release|Any CPU.Build.0 = Release|Any CPU
		{60D243B6-A351-42DB-A4D9-682621635DD0}.Debug|Any CPU.ActiveCfg = Debug|Any CPU
		{60D243B6-A351-42DB-A4D9-682621635DD0}.Debug|Any CPU.Build.0 = Debug|Any CPU
		{60D243B6-A351-42DB-A4D9-682621635DD0}.Release|Any CPU.ActiveCfg = Release|Any CPU
		{60D243B6-A351-42DB-A4D9-682621635DD0}.Release|Any CPU.Build.0 = Release|Any CPU
		{D2926FAE-972F-4CFA-8057-0357FB89BCB0}.Debug|Any CPU.ActiveCfg = Debug|Any CPU
		{D2926FAE-972F-4CFA-8057-0357FB89BCB0}.Debug|Any CPU.Build.0 = Debug|Any CPU
		{D2926FAE-972F-4CFA-8057-0357FB89BCB0}.Release|Any CPU.ActiveCfg = Release|Any CPU
		{D2926FAE-972F-4CFA-8057-0357FB89BCB0}.Release|Any CPU.Build.0 = Release|Any CPU
		{524A6FDF-B55C-4DFF-9C88-D3D036579F1A}.Debug|Any CPU.ActiveCfg = Debug|Any CPU
		{524A6FDF-B55C-4DFF-9C88-D3D036579F1A}.Debug|Any CPU.Build.0 = Debug|Any CPU
		{524A6FDF-B55C-4DFF-9C88-D3D036579F1A}.Release|Any CPU.ActiveCfg = Release|Any CPU
		{524A6FDF-B55C-4DFF-9C88-D3D036579F1A}.Release|Any CPU.Build.0 = Release|Any CPU
		{3A2C88A7-8B26-4EAB-8E55-EBC1DD192C41}.Debug|Any CPU.ActiveCfg = Debug|Any CPU
		{3A2C88A7-8B26-4EAB-8E55-EBC1DD192C41}.Debug|Any CPU.Build.0 = Debug|Any CPU
		{3A2C88A7-8B26-4EAB-8E55-EBC1DD192C41}.Release|Any CPU.ActiveCfg = Release|Any CPU
		{3A2C88A7-8B26-4EAB-8E55-EBC1DD192C41}.Release|Any CPU.Build.0 = Release|Any CPU
		{0160E309-D732-43A5-9277-468DCF062BA2}.Debug|Any CPU.ActiveCfg = Debug|Any CPU
		{0160E309-D732-43A5-9277-468DCF062BA2}.Debug|Any CPU.Build.0 = Debug|Any CPU
		{0160E309-D732-43A5-9277-468DCF062BA2}.Release|Any CPU.ActiveCfg = Release|Any CPU
		{0160E309-D732-43A5-9277-468DCF062BA2}.Release|Any CPU.Build.0 = Release|Any CPU
		{87CE608D-C180-4911-85DD-B429F872A358}.Debug|Any CPU.ActiveCfg = Debug|Any CPU
		{87CE608D-C180-4911-85DD-B429F872A358}.Debug|Any CPU.Build.0 = Debug|Any CPU
		{87CE608D-C180-4911-85DD-B429F872A358}.Release|Any CPU.ActiveCfg = Release|Any CPU
		{87CE608D-C180-4911-85DD-B429F872A358}.Release|Any CPU.Build.0 = Release|Any CPU
		{7E74F01B-946E-4EC7-A2CA-2E39DBFA78E2}.Debug|Any CPU.ActiveCfg = Debug|Any CPU
		{7E74F01B-946E-4EC7-A2CA-2E39DBFA78E2}.Debug|Any CPU.Build.0 = Debug|Any CPU
		{7E74F01B-946E-4EC7-A2CA-2E39DBFA78E2}.Release|Any CPU.ActiveCfg = Release|Any CPU
		{7E74F01B-946E-4EC7-A2CA-2E39DBFA78E2}.Release|Any CPU.Build.0 = Release|Any CPU
	EndGlobalSection
	GlobalSection(SolutionProperties) = preSolution
		HideSolutionNode = FALSE
	EndGlobalSection
	GlobalSection(NestedProjects) = preSolution
		{60D243B6-A351-42DB-A4D9-682621635DD0} = {42780C51-9060-4603-ACC7-07990A970BDC}
		{D2926FAE-972F-4CFA-8057-0357FB89BCB0} = {42780C51-9060-4603-ACC7-07990A970BDC}
		{524A6FDF-B55C-4DFF-9C88-D3D036579F1A} = {42780C51-9060-4603-ACC7-07990A970BDC}
		{3A2C88A7-8B26-4EAB-8E55-EBC1DD192C41} = {42780C51-9060-4603-ACC7-07990A970BDC}
		{0160E309-D732-43A5-9277-468DCF062BA2} = {42780C51-9060-4603-ACC7-07990A970BDC}
		{87CE608D-C180-4911-85DD-B429F872A358} = {42780C51-9060-4603-ACC7-07990A970BDC}
		{7E74F01B-946E-4EC7-A2CA-2E39DBFA78E2} = {42780C51-9060-4603-ACC7-07990A970BDC}
	EndGlobalSection
	GlobalSection(ExtensibilityGlobals) = postSolution
		SolutionGuid = {85BBD894-C5B7-46AF-8E87-AEEEB7DEC542}
	EndGlobalSection
EndGlobal
